// !$*UTF8*$!
{
	archiveVersion = 1;
	classes = {
	};
	objectVersion = 46;
	objects = {

/* Begin PBXBuildFile section */
		85540E211C0D378800493958 /* main.m in Sources */ = {isa = PBXBuildFile; fileRef = 85540E201C0D378800493958 /* main.m */; };
		85540E241C0D378800493958 /* AppDelegate.m in Sources */ = {isa = PBXBuildFile; fileRef = 85540E231C0D378800493958 /* AppDelegate.m */; };
		85540E271C0D378800493958 /* ViewController.m in Sources */ = {isa = PBXBuildFile; fileRef = 85540E261C0D378800493958 /* ViewController.m */; };
		85540E2A1C0D378800493958 /* Main.storyboard in Resources */ = {isa = PBXBuildFile; fileRef = 85540E281C0D378800493958 /* Main.storyboard */; };
		85540E2C1C0D378800493958 /* Assets.xcassets in Resources */ = {isa = PBXBuildFile; fileRef = 85540E2B1C0D378800493958 /* Assets.xcassets */; };
		85540E2F1C0D378800493958 /* LaunchScreen.storyboard in Resources */ = {isa = PBXBuildFile; fileRef = 85540E2D1C0D378800493958 /* LaunchScreen.storyboard */; };
		85540E3A1C0D378900493958 /* demo_DUWENQINGTests.m in Sources */ = {isa = PBXBuildFile; fileRef = 85540E391C0D378900493958 /* demo_DUWENQINGTests.m */; };
		85540E451C0D378900493958 /* demo_DUWENQINGUITests.m in Sources */ = {isa = PBXBuildFile; fileRef = 85540E441C0D378900493958 /* demo_DUWENQINGUITests.m */; };
/* End PBXBuildFile section */

/* Begin PBXContainerItemProxy section */
		85540E361C0D378900493958 /* PBXContainerItemProxy */ = {
			isa = PBXContainerItemProxy;
			containerPortal = 85540E141C0D378800493958 /* Project object */;
			proxyType = 1;
			remoteGlobalIDString = 85540E1B1C0D378800493958;
			remoteInfo = demo_DUWENQING;
		};
		85540E411C0D378900493958 /* PBXContainerItemProxy */ = {
			isa = PBXContainerItemProxy;
			containerPortal = 85540E141C0D378800493958 /* Project object */;
			proxyType = 1;
			remoteGlobalIDString = 85540E1B1C0D378800493958;
			remoteInfo = demo_DUWENQING;
		};
/* End PBXContainerItemProxy section */

/* Begin PBXFileReference section */
		85540E1C1C0D378800493958 /* demo_DUWENQING.app */ = {isa = PBXFileReference; explicitFileType = wrapper.application; includeInIndex = 0; path = demo_DUWENQING.app; sourceTree = BUILT_PRODUCTS_DIR; };
		85540E201C0D378800493958 /* main.m */ = {isa = PBXFileReference; lastKnownFileType = sourcecode.c.objc; path = main.m; sourceTree = "<group>"; };
		85540E221C0D378800493958 /* AppDelegate.h */ = {isa = PBXFileReference; lastKnownFileType = sourcecode.c.h; path = AppDelegate.h; sourceTree = "<group>"; };
		85540E231C0D378800493958 /* AppDelegate.m */ = {isa = PBXFileReference; lastKnownFileType = sourcecode.c.objc; path = AppDelegate.m; sourceTree = "<group>"; };
		85540E251C0D378800493958 /* ViewController.h */ = {isa = PBXFileReference; lastKnownFileType = sourcecode.c.h; path = ViewController.h; sourceTree = "<group>"; };
		85540E261C0D378800493958 /* ViewController.m */ = {isa = PBXFileReference; lastKnownFileType = sourcecode.c.objc; path = ViewController.m; sourceTree = "<group>"; };
		85540E291C0D378800493958 /* Base */ = {isa = PBXFileReference; lastKnownFileType = file.storyboard; name = Base; path = Base.lproj/Main.storyboard; sourceTree = "<group>"; };
		85540E2B1C0D378800493958 /* Assets.xcassets */ = {isa = PBXFileReference; lastKnownFileType = folder.assetcatalog; path = Assets.xcassets; sourceTree = "<group>"; };
		85540E2E1C0D378800493958 /* Base */ = {isa = PBXFileReference; lastKnownFileType = file.storyboard; name = Base; path = Base.lproj/LaunchScreen.storyboard; sourceTree = "<group>"; };
		85540E301C0D378800493958 /* Info.plist */ = {isa = PBXFileReference; lastKnownFileType = text.plist.xml; path = Info.plist; sourceTree = "<group>"; };
		85540E351C0D378900493958 /* demo_DUWENQINGTests.xctest */ = {isa = PBXFileReference; explicitFileType = wrapper.cfbundle; includeInIndex = 0; path = demo_DUWENQINGTests.xctest; sourceTree = BUILT_PRODUCTS_DIR; };
		85540E391C0D378900493958 /* demo_DUWENQINGTests.m */ = {isa = PBXFileReference; lastKnownFileType = sourcecode.c.objc; path = demo_DUWENQINGTests.m; sourceTree = "<group>"; };
		85540E3B1C0D378900493958 /* Info.plist */ = {isa = PBXFileReference; lastKnownFileType = text.plist.xml; path = Info.plist; sourceTree = "<group>"; };
		85540E401C0D378900493958 /* demo_DUWENQINGUITests.xctest */ = {isa = PBXFileReference; explicitFileType = wrapper.cfbundle; includeInIndex = 0; path = demo_DUWENQINGUITests.xctest; sourceTree = BUILT_PRODUCTS_DIR; };
		85540E441C0D378900493958 /* demo_DUWENQINGUITests.m */ = {isa = PBXFileReference; lastKnownFileType = sourcecode.c.objc; path = demo_DUWENQINGUITests.m; sourceTree = "<group>"; };
		85540E461C0D378900493958 /* Info.plist */ = {isa = PBXFileReference; lastKnownFileType = text.plist.xml; path = Info.plist; sourceTree = "<group>"; };
/* End PBXFileReference section */

/* Begin PBXFrameworksBuildPhase section */
		85540E191C0D378800493958 /* Frameworks */ = {
			isa = PBXFrameworksBuildPhase;
			buildActionMask = 2147483647;
			files = (
			);
			runOnlyForDeploymentPostprocessing = 0;
		};
		85540E321C0D378900493958 /* Frameworks */ = {
			isa = PBXFrameworksBuildPhase;
			buildActionMask = 2147483647;
			files = (
			);
			runOnlyForDeploymentPostprocessing = 0;
		};
		85540E3D1C0D378900493958 /* Frameworks */ = {
			isa = PBXFrameworksBuildPhase;
			buildActionMask = 2147483647;
			files = (
			);
			runOnlyForDeploymentPostprocessing = 0;
		};
/* End PBXFrameworksBuildPhase section */

/* Begin PBXGroup section */
		85540E131C0D378800493958 = {
			isa = PBXGroup;
			children = (
				85540E1E1C0D378800493958 /* demo_DUWENQING */,
				85540E381C0D378900493958 /* demo_DUWENQINGTests */,
				85540E431C0D378900493958 /* demo_DUWENQINGUITests */,
				85540E1D1C0D378800493958 /* Products */,
			);
			sourceTree = "<group>";
		};
		85540E1D1C0D378800493958 /* Products */ = {
			isa = PBXGroup;
			children = (
				85540E1C1C0D378800493958 /* demo_DUWENQING.app */,
				85540E351C0D378900493958 /* demo_DUWENQINGTests.xctest */,
				85540E401C0D378900493958 /* demo_DUWENQINGUITests.xctest */,
			);
			name = Products;
			sourceTree = "<group>";
		};
		85540E1E1C0D378800493958 /* demo_DUWENQING */ = {
			isa = PBXGroup;
			children = (
				85540E221C0D378800493958 /* AppDelegate.h */,
				85540E231C0D378800493958 /* AppDelegate.m */,
				85540E251C0D378800493958 /* ViewController.h */,
				85540E261C0D378800493958 /* ViewController.m */,
				85540E281C0D378800493958 /* Main.storyboard */,
				85540E2B1C0D378800493958 /* Assets.xcassets */,
				85540E2D1C0D378800493958 /* LaunchScreen.storyboard */,
				85540E301C0D378800493958 /* Info.plist */,
				85540E1F1C0D378800493958 /* Supporting Files */,
			);
			path = demo_DUWENQING;
			sourceTree = "<group>";
		};
		85540E1F1C0D378800493958 /* Supporting Files */ = {
			isa = PBXGroup;
			children = (
				85540E201C0D378800493958 /* main.m */,
			);
			name = "Supporting Files";
			sourceTree = "<group>";
		};
		85540E381C0D378900493958 /* demo_DUWENQINGTests */ = {
			isa = PBXGroup;
			children = (
				85540E391C0D378900493958 /* demo_DUWENQINGTests.m */,
				85540E3B1C0D378900493958 /* Info.plist */,
			);
			path = demo_DUWENQINGTests;
			sourceTree = "<group>";
		};
		85540E431C0D378900493958 /* demo_DUWENQINGUITests */ = {
			isa = PBXGroup;
			children = (
				85540E441C0D378900493958 /* demo_DUWENQINGUITests.m */,
				85540E461C0D378900493958 /* Info.plist */,
			);
			path = demo_DUWENQINGUITests;
			sourceTree = "<group>";
		};
/* End PBXGroup section */

/* Begin PBXNativeTarget section */
		85540E1B1C0D378800493958 /* demo_DUWENQING */ = {
			isa = PBXNativeTarget;
			buildConfigurationList = 85540E491C0D378900493958 /* Build configuration list for PBXNativeTarget "demo_DUWENQING" */;
			buildPhases = (
				85540E181C0D378800493958 /* Sources */,
				85540E191C0D378800493958 /* Frameworks */,
				85540E1A1C0D378800493958 /* Resources */,
			);
			buildRules = (
			);
			dependencies = (
			);
			name = demo_DUWENQING;
			productName = demo_DUWENQING;
			productReference = 85540E1C1C0D378800493958 /* demo_DUWENQING.app */;
			productType = "com.apple.product-type.application";
		};
		85540E341C0D378900493958 /* demo_DUWENQINGTests */ = {
			isa = PBXNativeTarget;
			buildConfigurationList = 85540E4C1C0D378900493958 /* Build configuration list for PBXNativeTarget "demo_DUWENQINGTests" */;
			buildPhases = (
				85540E311C0D378900493958 /* Sources */,
				85540E321C0D378900493958 /* Frameworks */,
				85540E331C0D378900493958 /* Resources */,
			);
			buildRules = (
			);
			dependencies = (
				85540E371C0D378900493958 /* PBXTargetDependency */,
			);
			name = demo_DUWENQINGTests;
			productName = demo_DUWENQINGTests;
			productReference = 85540E351C0D378900493958 /* demo_DUWENQINGTests.xctest */;
			productType = "com.apple.product-type.bundle.unit-test";
		};
		85540E3F1C0D378900493958 /* demo_DUWENQINGUITests */ = {
			isa = PBXNativeTarget;
			buildConfigurationList = 85540E4F1C0D378900493958 /* Build configuration list for PBXNativeTarget "demo_DUWENQINGUITests" */;
			buildPhases = (
				85540E3C1C0D378900493958 /* Sources */,
				85540E3D1C0D378900493958 /* Frameworks */,
				85540E3E1C0D378900493958 /* Resources */,
			);
			buildRules = (
			);
			dependencies = (
				85540E421C0D378900493958 /* PBXTargetDependency */,
			);
			name = demo_DUWENQINGUITests;
			productName = demo_DUWENQINGUITests;
			productReference = 85540E401C0D378900493958 /* demo_DUWENQINGUITests.xctest */;
			productType = "com.apple.product-type.bundle.ui-testing";
		};
/* End PBXNativeTarget section */

/* Begin PBXProject section */
		85540E141C0D378800493958 /* Project object */ = {
			isa = PBXProject;
			attributes = {
				LastUpgradeCheck = 0710;
				ORGANIZATIONNAME = tarena;
				TargetAttributes = {
					85540E1B1C0D378800493958 = {
						CreatedOnToolsVersion = 7.1;
						DevelopmentTeam = 9RSMH6VSRN;
					};
					85540E341C0D378900493958 = {
						CreatedOnToolsVersion = 7.1;
						DevelopmentTeam = 9RSMH6VSRN;
						TestTargetID = 85540E1B1C0D378800493958;
					};
					85540E3F1C0D378900493958 = {
						CreatedOnToolsVersion = 7.1;
						DevelopmentTeam = 9RSMH6VSRN;
						TestTargetID = 85540E1B1C0D378800493958;
					};
				};
			};
			buildConfigurationList = 85540E171C0D378800493958 /* Build configuration list for PBXProject "demo_DUWENQING" */;
			compatibilityVersion = "Xcode 3.2";
			developmentRegion = English;
			hasScannedForEncodings = 0;
			knownRegions = (
				en,
				Base,
			);
			mainGroup = 85540E131C0D378800493958;
			productRefGroup = 85540E1D1C0D378800493958 /* Products */;
			projectDirPath = "";
			projectRoot = "";
			targets = (
				85540E1B1C0D378800493958 /* demo_DUWENQING */,
				85540E341C0D378900493958 /* demo_DUWENQINGTests */,
				85540E3F1C0D378900493958 /* demo_DUWENQINGUITests */,
			);
		};
/* End PBXProject section */

/* Begin PBXResourcesBuildPhase section */
		85540E1A1C0D378800493958 /* Resources */ = {
			isa = PBXResourcesBuildPhase;
			buildActionMask = 2147483647;
			files = (
				85540E2F1C0D378800493958 /* LaunchScreen.storyboard in Resources */,
				85540E2C1C0D378800493958 /* Assets.xcassets in Resources */,
				85540E2A1C0D378800493958 /* Main.storyboard in Resources */,
			);
			runOnlyForDeploymentPostprocessing = 0;
		};
		85540E331C0D378900493958 /* Resources */ = {
			isa = PBXResourcesBuildPhase;
			buildActionMask = 2147483647;
			files = (
			);
			runOnlyForDeploymentPostprocessing = 0;
		};
		85540E3E1C0D378900493958 /* Resources */ = {
			isa = PBXResourcesBuildPhase;
			buildActionMask = 2147483647;
			files = (
			);
			runOnlyForDeploymentPostprocessing = 0;
		};
/* End PBXResourcesBuildPhase section */

/* Begin PBXSourcesBuildPhase section */
		85540E181C0D378800493958 /* Sources */ = {
			isa = PBXSourcesBuildPhase;
			buildActionMask = 2147483647;
			files = (
				85540E271C0D378800493958 /* ViewController.m in Sources */,
				85540E241C0D378800493958 /* AppDelegate.m in Sources */,
				85540E211C0D378800493958 /* main.m in Sources */,
			);
			runOnlyForDeploymentPostprocessing = 0;
		};
		85540E311C0D378900493958 /* Sources */ = {
			isa = PBXSourcesBuildPhase;
			buildActionMask = 2147483647;
			files = (
				85540E3A1C0D378900493958 /* demo_DUWENQINGTests.m in Sources */,
			);
			runOnlyForDeploymentPostprocessing = 0;
		};
		85540E3C1C0D378900493958 /* Sources */ = {
			isa = PBXSourcesBuildPhase;
			buildActionMask = 2147483647;
			files = (
				85540E451C0D378900493958 /* demo_DUWENQINGUITests.m in Sources */,
			);
			runOnlyForDeploymentPostprocessing = 0;
		};
/* End PBXSourcesBuildPhase section */

/* Begin PBXTargetDependency section */
		85540E371C0D378900493958 /* PBXTargetDependency */ = {
			isa = PBXTargetDependency;
			target = 85540E1B1C0D378800493958 /* demo_DUWENQING */;
			targetProxy = 85540E361C0D378900493958 /* PBXContainerItemProxy */;
		};
		85540E421C0D378900493958 /* PBXTargetDependency */ = {
			isa = PBXTargetDependency;
			target = 85540E1B1C0D378800493958 /* demo_DUWENQING */;
			targetProxy = 85540E411C0D378900493958 /* PBXContainerItemProxy */;
		};
/* End PBXTargetDependency section */

/* Begin PBXVariantGroup section */
		85540E281C0D378800493958 /* Main.storyboard */ = {
			isa = PBXVariantGroup;
			children = (
				85540E291C0D378800493958 /* Base */,
			);
			name = Main.storyboard;
			sourceTree = "<group>";
		};
		85540E2D1C0D378800493958 /* LaunchScreen.storyboard */ = {
			isa = PBXVariantGroup;
			children = (
				85540E2E1C0D378800493958 /* Base */,
			);
			name = LaunchScreen.storyboard;
			sourceTree = "<group>";
		};
/* End PBXVariantGroup section */

/* Begin XCBuildConfiguration section */
		85540E471C0D378900493958 /* Debug */ = {
			isa = XCBuildConfiguration;
			buildSettings = {
				ALWAYS_SEARCH_USER_PATHS = NO;
				CLANG_CXX_LANGUAGE_STANDARD = "gnu++0x";
				CLANG_CXX_LIBRARY = "libc++";
				CLANG_ENABLE_MODULES = YES;
				CLANG_ENABLE_OBJC_ARC = YES;
				CLANG_WARN_BOOL_CONVERSION = YES;
				CLANG_WARN_CONSTANT_CONVERSION = YES;
				CLANG_WARN_DIRECT_OBJC_ISA_USAGE = YES_ERROR;
				CLANG_WARN_EMPTY_BODY = YES;
				CLANG_WARN_ENUM_CONVERSION = YES;
				CLANG_WARN_INT_CONVERSION = YES;
				CLANG_WARN_OBJC_ROOT_CLASS = YES_ERROR;
				CLANG_WARN_UNREACHABLE_CODE = YES;
				CLANG_WARN__DUPLICATE_METHOD_MATCH = YES;
				"CODE_SIGN_IDENTITY[sdk=iphoneos*]" = "iPhone Developer";
				COPY_PHASE_STRIP = NO;
				DEBUG_INFORMATION_FORMAT = dwarf;
				ENABLE_STRICT_OBJC_MSGSEND = YES;
				ENABLE_TESTABILITY = YES;
				GCC_C_LANGUAGE_STANDARD = gnu99;
				GCC_DYNAMIC_NO_PIC = NO;
				GCC_NO_COMMON_BLOCKS = YES;
				GCC_OPTIMIZATION_LEVEL = 0;
				GCC_PREPROCESSOR_DEFINITIONS = (
					"DEBUG=1",
					"$(inherited)",
				);
				GCC_WARN_64_TO_32_BIT_CONVERSION = YES;
				GCC_WARN_ABOUT_RETURN_TYPE = YES_ERROR;
				GCC_WARN_UNDECLARED_SELECTOR = YES;
				GCC_WARN_UNINITIALIZED_AUTOS = YES_AGGRESSIVE;
				GCC_WARN_UNUSED_FUNCTION = YES;
				GCC_WARN_UNUSED_VARIABLE = YES;
				IPHONEOS_DEPLOYMENT_TARGET = 9.1;
				MTL_ENABLE_DEBUG_INFO = YES;
				ONLY_ACTIVE_ARCH = YES;
				SDKROOT = iphoneos;
			};
			name = Debug;
		};
		85540E481C0D378900493958 /* Release */ = {
			isa = XCBuildConfiguration;
			buildSettings = {
				ALWAYS_SEARCH_USER_PATHS = NO;
				CLANG_CXX_LANGUAGE_STANDARD = "gnu++0x";
				CLANG_CXX_LIBRARY = "libc++";
				CLANG_ENABLE_MODULES = YES;
				CLANG_ENABLE_OBJC_ARC = YES;
				CLANG_WARN_BOOL_CONVERSION = YES;
				CLANG_WARN_CONSTANT_CONVERSION = YES;
				CLANG_WARN_DIRECT_OBJC_ISA_USAGE = YES_ERROR;
				CLANG_WARN_EMPTY_BODY = YES;
				CLANG_WARN_ENUM_CONVERSION = YES;
				CLANG_WARN_INT_CONVERSION = YES;
				CLANG_WARN_OBJC_ROOT_CLASS = YES_ERROR;
				CLANG_WARN_UNREACHABLE_CODE = YES;
				CLANG_WARN__DUPLICATE_METHOD_MATCH = YES;
				"CODE_SIGN_IDENTITY[sdk=iphoneos*]" = "iPhone Developer";
				COPY_PHASE_STRIP = NO;
				DEBUG_INFORMATION_FORMAT = "dwarf-with-dsym";
				ENABLE_NS_ASSERTIONS = NO;
				ENABLE_STRICT_OBJC_MSGSEND = YES;
				GCC_C_LANGUAGE_STANDARD = gnu99;
				GCC_NO_COMMON_BLOCKS = YES;
				GCC_WARN_64_TO_32_BIT_CONVERSION = YES;
				GCC_WARN_ABOUT_RETURN_TYPE = YES_ERROR;
				GCC_WARN_UNDECLARED_SELECTOR = YES;
				GCC_WARN_UNINITIALIZED_AUTOS = YES_AGGRESSIVE;
				GCC_WARN_UNUSED_FUNCTION = YES;
				GCC_WARN_UNUSED_VARIABLE = YES;
				IPHONEOS_DEPLOYMENT_TARGET = 9.1;
				MTL_ENABLE_DEBUG_INFO = NO;
				SDKROOT = iphoneos;
				VALIDATE_PRODUCT = YES;
			};
			name = Release;
		};
		85540E4A1C0D378900493958 /* Debug */ = {
			isa = XCBuildConfiguration;
			buildSettings = {
				ASSETCATALOG_COMPILER_APPICON_NAME = AppIcon;
				INFOPLIST_FILE = demo_DUWENQING/Info.plist;
				LD_RUNPATH_SEARCH_PATHS = "$(inherited) @executable_path/Frameworks";
				PRODUCT_BUNDLE_IDENTIFIER = "com.tarena.demo-DUWENQING";
				PRODUCT_NAME = "$(TARGET_NAME)";
			};
			name = Debug;
		};
		85540E4B1C0D378900493958 /* Release */ = {
			isa = XCBuildConfiguration;
			buildSettings = {
				ASSETCATALOG_COMPILER_APPICON_NAME = AppIcon;
				INFOPLIST_FILE = demo_DUWENQING/Info.plist;
				LD_RUNPATH_SEARCH_PATHS = "$(inherited) @executable_path/Frameworks";
				PRODUCT_BUNDLE_IDENTIFIER = "com.tarena.demo-DUWENQING";
				PRODUCT_NAME = "$(TARGET_NAME)";
			};
			name = Release;
		};
		85540E4D1C0D378900493958 /* Debug */ = {
			isa = XCBuildConfiguration;
			buildSettings = {
				BUNDLE_LOADER = "$(TEST_HOST)";
				INFOPLIST_FILE = demo_DUWENQINGTests/Info.plist;
				LD_RUNPATH_SEARCH_PATHS = "$(inherited) @executable_path/Frameworks @loader_path/Frameworks";
				PRODUCT_BUNDLE_IDENTIFIER = "com.tarena.demo-DUWENQINGTests";
				PRODUCT_NAME = "$(TARGET_NAME)";
				TEST_HOST = "$(BUILT_PRODUCTS_DIR)/demo_DUWENQING.app/demo_DUWENQING";
			};
			name = Debug;
		};
		85540E4E1C0D378900493958 /* Release */ = {
			isa = XCBuildConfiguration;
			buildSettings = {
				BUNDLE_LOADER = "$(TEST_HOST)";
				INFOPLIST_FILE = demo_DUWENQINGTests/Info.plist;
				LD_RUNPATH_SEARCH_PATHS = "$(inherited) @executable_path/Frameworks @loader_path/Frameworks";
				PRODUCT_BUNDLE_IDENTIFIER = "com.tarena.demo-DUWENQINGTests";
				PRODUCT_NAME = "$(TARGET_NAME)";
				TEST_HOST = "$(BUILT_PRODUCTS_DIR)/demo_DUWENQING.app/demo_DUWENQING";
			};
			name = Release;
		};
		85540E501C0D378900493958 /* Debug */ = {
			isa = XCBuildConfiguration;
			buildSettings = {
				INFOPLIST_FILE = demo_DUWENQINGUITests/Info.plist;
				LD_RUNPATH_SEARCH_PATHS = "$(inherited) @executable_path/Frameworks @loader_path/Frameworks";
				PRODUCT_BUNDLE_IDENTIFIER = "com.tarena.demo-DUWENQINGUITests";
				PRODUCT_NAME = "$(TARGET_NAME)";
				TEST_TARGET_NAME = demo_DUWENQING;
				USES_XCTRUNNER = YES;
			};
			name = Debug;
		};
		85540E511C0D378900493958 /* Release */ = {
			isa = XCBuildConfiguration;
			buildSettings = {
				INFOPLIST_FILE = demo_DUWENQINGUITests/Info.plist;
				LD_RUNPATH_SEARCH_PATHS = "$(inherited) @executable_path/Frameworks @loader_path/Frameworks";
				PRODUCT_BUNDLE_IDENTIFIER = "com.tarena.demo-DUWENQINGUITests";
				PRODUCT_NAME = "$(TARGET_NAME)";
				TEST_TARGET_NAME = demo_DUWENQING;
				USES_XCTRUNNER = YES;
			};
			name = Release;
		};
/* End XCBuildConfiguration section */

/* Begin XCConfigurationList section */
		85540E171C0D378800493958 /* Build configuration list for PBXProject "demo_DUWENQING" */ = {
			isa = XCConfigurationList;
			buildConfigurations = (
				85540E471C0D378900493958 /* Debug */,
				85540E481C0D378900493958 /* Release */,
			);
			defaultConfigurationIsVisible = 0;
			defaultConfigurationName = Release;
		};
		85540E491C0D378900493958 /* Build configuration list for PBXNativeTarget "demo_DUWENQING" */ = {
			isa = XCConfigurationList;
			buildConfigurations = (
				85540E4A1C0D378900493958 /* Debug */,
				85540E4B1C0D378900493958 /* Release */,
			);
			defaultConfigurationIsVisible = 0;
		};
		85540E4C1C0D378900493958 /* Build configuration list for PBXNativeTarget "demo_DUWENQINGTests" */ = {
			isa = XCConfigurationList;
			buildConfigurations = (
				85540E4D1C0D378900493958 /* Debug */,
				85540E4E1C0D378900493958 /* Release */,
			);
			defaultConfigurationIsVisible = 0;
		};
		85540E4F1C0D378900493958 /* Build configuration list for PBXNativeTarget "demo_DUWENQINGUITests" */ = {
			isa = XCConfigurationList;
			buildConfigurations = (
				85540E501C0D378900493958 /* Debug */,
				85540E511C0D378900493958 /* Release */,
			);
			defaultConfigurationIsVisible = 0;
		};
/* End XCConfigurationList section */
	};
	rootObject = 85540E141C0D378800493958 /* Project object */;
}
